
Microsoft Visual Studio Solution File, Format Version 12.00
# Visual Studio Version 17
VisualStudioVersion = 17.3.32804.467
MinimumVisualStudioVersion = 10.0.40219.1
Project("{9A19103F-16F7-4668-BE54-9A1E7A4F7556}") = "Cours1", "Cours1\Cours1.csproj", "{421AE651-5AE7-44AA-B5D1-890F86CFCF5F}"
EndProject
Project("{9A19103F-16F7-4668-BE54-9A1E7A4F7556}") = "Cours2", "Cours2\Cours2.csproj", "{BD86A91E-B50E-48B5-A9FE-0E27EAD3605C}"
EndProject
Project("{9A19103F-16F7-4668-BE54-9A1E7A4F7556}") = "MonApplicationGraphique1", "MonApplicationGraphique1\MonApplicationGraphique1.csproj", "{23FE74DE-2558-48C3-AB38-079268943537}"
EndProject
Project("{9A19103F-16F7-4668-BE54-9A1E7A4F7556}") = "Cours3", "Cours3\Cours3.csproj", "{5CE6E1BD-6E33-4086-A8E5-8618464C2077}"
EndProject
Project("{9A19103F-16F7-4668-BE54-9A1E7A4F7556}") = "Exercices", "Exercices\Exercices.csproj", "{6B2ED73A-21E6-4C4A-9455-506FFCDE84BD}"
EndProject
Project("{9A19103F-16F7-4668-BE54-9A1E7A4F7556}") = "GestionContacts", "GestionContacts\GestionContacts.csproj", "{64CF3F85-52F8-461F-899F-4B4801616A6C}"
EndProject
Project("{9A19103F-16F7-4668-BE54-9A1E7A4F7556}") = "BarberShopApp", "BarberShopApp\BarberShopApp.csproj", "{CA68A5C7-C492-407D-A83D-AFF1771382FC}"
EndProject
Project("{9A19103F-16F7-4668-BE54-9A1E7A4F7556}") = "Tableau", "Tableau\Tableau.csproj", "{D69E5153-9882-4631-8663-2C1EEA954F4A}"
EndProject
Project("{9A19103F-16F7-4668-BE54-9A1E7A4F7556}") = "TableauxExercices", "TableauxExercices\TableauxExercices.csproj", "{FDF82097-F17D-4DB7-83DB-3B2E43E9F552}"
EndProject
Project("{FAE04EC0-301F-11D3-BF4B-00C04F79EFBC}") = "Fonctions", "Fonctions\Fonctions.csproj", "{41E62402-6690-41F9-9E6F-5789B1274084}"
EndProject
Project("{FAE04EC0-301F-11D3-BF4B-00C04F79EFBC}") = "ClassesETObjets", "ClassesETObjets\ClassesETObjets.csproj", "{F6DADE68-666B-4C52-BDEF-E8782304D4B3}"
EndProject
Project("{FAE04EC0-301F-11D3-BF4B-00C04F79EFBC}") = "ExercicesClasses", "ExercicesClasses\ExercicesClasses.csproj", "{B84F1492-DAEB-4C7A-8B93-3929E9FA6C4E}"
EndProject
Global
	GlobalSection(SolutionConfigurationPlatforms) = preSolution
		Debug|Any CPU = Debug|Any CPU
		Release|Any CPU = Release|Any CPU
	EndGlobalSection
	GlobalSection(ProjectConfigurationPlatforms) = postSolution
		{421AE651-5AE7-44AA-B5D1-890F86CFCF5F}.Debug|Any CPU.ActiveCfg = Debug|Any CPU
		{421AE651-5AE7-44AA-B5D1-890F86CFCF5F}.Debug|Any CPU.Build.0 = Debug|Any CPU
		{421AE651-5AE7-44AA-B5D1-890F86CFCF5F}.Release|Any CPU.ActiveCfg = Release|Any CPU
		{421AE651-5AE7-44AA-B5D1-890F86CFCF5F}.Release|Any CPU.Build.0 = Release|Any CPU
		{BD86A91E-B50E-48B5-A9FE-0E27EAD3605C}.Debug|Any CPU.ActiveCfg = Debug|Any CPU
		{BD86A91E-B50E-48B5-A9FE-0E27EAD3605C}.Debug|Any CPU.Build.0 = Debug|Any CPU
		{BD86A91E-B50E-48B5-A9FE-0E27EAD3605C}.Release|Any CPU.ActiveCfg = Release|Any CPU
		{BD86A91E-B50E-48B5-A9FE-0E27EAD3605C}.Release|Any CPU.Build.0 = Release|Any CPU
		{23FE74DE-2558-48C3-AB38-079268943537}.Debug|Any CPU.ActiveCfg = Debug|Any CPU
		{23FE74DE-2558-48C3-AB38-079268943537}.Debug|Any CPU.Build.0 = Debug|Any CPU
		{23FE74DE-2558-48C3-AB38-079268943537}.Release|Any CPU.ActiveCfg = Release|Any CPU
		{23FE74DE-2558-48C3-AB38-079268943537}.Release|Any CPU.Build.0 = Release|Any CPU
		{5CE6E1BD-6E33-4086-A8E5-8618464C2077}.Debug|Any CPU.ActiveCfg = Debug|Any CPU
		{5CE6E1BD-6E33-4086-A8E5-8618464C2077}.Debug|Any CPU.Build.0 = Debug|Any CPU
		{5CE6E1BD-6E33-4086-A8E5-8618464C2077}.Release|Any CPU.ActiveCfg = Release|Any CPU
		{5CE6E1BD-6E33-4086-A8E5-8618464C2077}.Release|Any CPU.Build.0 = Release|Any CPU
		{6B2ED73A-21E6-4C4A-9455-506FFCDE84BD}.Debug|Any CPU.ActiveCfg = Debug|Any CPU
		{6B2ED73A-21E6-4C4A-9455-506FFCDE84BD}.Debug|Any CPU.Build.0 = Debug|Any CPU
		{6B2ED73A-21E6-4C4A-9455-506FFCDE84BD}.Release|Any CPU.ActiveCfg = Release|Any CPU
		{6B2ED73A-21E6-4C4A-9455-506FFCDE84BD}.Release|Any CPU.Build.0 = Release|Any CPU
		{64CF3F85-52F8-461F-899F-4B4801616A6C}.Debug|Any CPU.ActiveCfg = Debug|Any CPU
		{64CF3F85-52F8-461F-899F-4B4801616A6C}.Debug|Any CPU.Build.0 = Debug|Any CPU
		{64CF3F85-52F8-461F-899F-4B4801616A6C}.Release|Any CPU.ActiveCfg = Release|Any CPU
		{64CF3F85-52F8-461F-899F-4B4801616A6C}.Release|Any CPU.Build.0 = Release|Any CPU
		{CA68A5C7-C492-407D-A83D-AFF1771382FC}.Debug|Any CPU.ActiveCfg = Debug|Any CPU
		{CA68A5C7-C492-407D-A83D-AFF1771382FC}.Debug|Any CPU.Build.0 = Debug|Any CPU
		{CA68A5C7-C492-407D-A83D-AFF1771382FC}.Release|Any CPU.ActiveCfg = Release|Any CPU
		{CA68A5C7-C492-407D-A83D-AFF1771382FC}.Release|Any CPU.Build.0 = Release|Any CPU
		{D69E5153-9882-4631-8663-2C1EEA954F4A}.Debug|Any CPU.ActiveCfg = Debug|Any CPU
		{D69E5153-9882-4631-8663-2C1EEA954F4A}.Debug|Any CPU.Build.0 = Debug|Any CPU
		{D69E5153-9882-4631-8663-2C1EEA954F4A}.Release|Any CPU.ActiveCfg = Release|Any CPU
		{D69E5153-9882-4631-8663-2C1EEA954F4A}.Release|Any CPU.Build.0 = Release|Any CPU
		{FDF82097-F17D-4DB7-83DB-3B2E43E9F552}.Debug|Any CPU.ActiveCfg = Debug|Any CPU
		{FDF82097-F17D-4DB7-83DB-3B2E43E9F552}.Debug|Any CPU.Build.0 = Debug|Any CPU
		{FDF82097-F17D-4DB7-83DB-3B2E43E9F552}.Release|Any CPU.ActiveCfg = Release|Any CPU
		{FDF82097-F17D-4DB7-83DB-3B2E43E9F552}.Release|Any CPU.Build.0 = Release|Any CPU
		{41E62402-6690-41F9-9E6F-5789B1274084}.Debug|Any CPU.ActiveCfg = Debug|Any CPU
		{41E62402-6690-41F9-9E6F-5789B1274084}.Debug|Any CPU.Build.0 = Debug|Any CPU
		{41E62402-6690-41F9-9E6F-5789B1274084}.Release|Any CPU.ActiveCfg = Release|Any CPU
		{41E62402-6690-41F9-9E6F-5789B1274084}.Release|Any CPU.Build.0 = Release|Any CPU
		{F6DADE68-666B-4C52-BDEF-E8782304D4B3}.Debug|Any CPU.ActiveCfg = Debug|Any CPU
		{F6DADE68-666B-4C52-BDEF-E8782304D4B3}.Debug|Any CPU.Build.0 = Debug|Any CPU
		{F6DADE68-666B-4C52-BDEF-E8782304D4B3}.Release|Any CPU.ActiveCfg = Release|Any CPU
		{F6DADE68-666B-4C52-BDEF-E8782304D4B3}.Release|Any CPU.Build.0 = Release|Any CPU
		{B84F1492-DAEB-4C7A-8B93-3929E9FA6C4E}.Debug|Any CPU.ActiveCfg = Debug|Any CPU
		{B84F1492-DAEB-4C7A-8B93-3929E9FA6C4E}.Debug|Any CPU.Build.0 = Debug|Any CPU
		{B84F1492-DAEB-4C7A-8B93-3929E9FA6C4E}.Release|Any CPU.ActiveCfg = Release|Any CPU
		{B84F1492-DAEB-4C7A-8B93-3929E9FA6C4E}.Release|Any CPU.Build.0 = Release|Any CPU
	EndGlobalSection
	GlobalSection(SolutionProperties) = preSolution
		HideSolutionNode = FALSE
	EndGlobalSection
	GlobalSection(ExtensibilityGlobals) = postSolution
		SolutionGuid = {0EDABA02-1A00-493B-8EAC-4E6CE1E99054}
	EndGlobalSection
EndGlobal
